
Microsoft Visual Studio Solution File, Format Version 12.00
# Visual Studio 15
VisualStudioVersion = 15.0.26403.7
MinimumVisualStudioVersion = 10.0.40219.1
Project("{FAE04EC0-301F-11D3-BF4B-00C04F79EFBC}") = "Zavolokas.ParallelExtensions", "Zavolokas.ParallelExtensions\Zavolokas.ParallelExtensions.csproj", "{7B91B265-1514-4219-A3B8-0BBE41521DFE}"
EndProject
Project("{2150E333-8FDC-42A3-9474-1A3956D46DE8}") = "Samples", "Samples", "{E29F7B08-9AA9-4852-8483-458DC6771F31}"
EndProject
Project("{FAE04EC0-301F-11D3-BF4B-00C04F79EFBC}") = "ProcessArray", "Samples\ProcessArray\ProcessArray.csproj", "{CCC379B7-5A82-4948-ABD9-0C077E707A33}"
EndProject
Global
	GlobalSection(SolutionConfigurationPlatforms) = preSolution
		Debug|Any CPU = Debug|Any CPU
		Release|Any CPU = Release|Any CPU
	EndGlobalSection
	GlobalSection(ProjectConfigurationPlatforms) = postSolution
		{7B91B265-1514-4219-A3B8-0BBE41521DFE}.Debug|Any CPU.ActiveCfg = Debug|Any CPU
		{7B91B265-1514-4219-A3B8-0BBE41521DFE}.Debug|Any CPU.Build.0 = Debug|Any CPU
		{7B91B265-1514-4219-A3B8-0BBE41521DFE}.Release|Any CPU.ActiveCfg = Release|Any CPU
		{7B91B265-1514-4219-A3B8-0BBE41521DFE}.Release|Any CPU.Build.0 = Release|Any CPU
		{CCC379B7-5A82-4948-ABD9-0C077E707A33}.Debug|Any CPU.ActiveCfg = Debug|Any CPU
		{CCC379B7-5A82-4948-ABD9-0C077E707A33}.Debug|Any CPU.Build.0 = Debug|Any CPU
		{CCC379B7-5A82-4948-ABD9-0C077E707A33}.Release|Any CPU.ActiveCfg = Release|Any CPU
		{CCC379B7-5A82-4948-ABD9-0C077E707A33}.Release|Any CPU.Build.0 = Release|Any CPU
	EndGlobalSection
	GlobalSection(SolutionProperties) = preSolution
		HideSolutionNode = FALSE
	EndGlobalSection
	GlobalSection(NestedProjects) = preSolution
		{CCC379B7-5A82-4948-ABD9-0C077E707A33} = {E29F7B08-9AA9-4852-8483-458DC6771F31}
	EndGlobalSection
EndGlobal
